{
  "requires": true,
  "lockfileVersion": 1,
  "dependencies": {
    "funccon": {
      "version": "5.1.3",
      "resolved": "https://registry.npmjs.org/funccon/-/funccon-5.1.3.tgz",
      "integrity": "sha512-3SVMrOFT16IiunID71Qvx0wvH7Sn2F+ZdBkRnNGpgaXQZyxEFCqxHKSL2fDvm9pcQRUho8ZYJpu7/SKVemZF2Q=="
    }
  }
}
